
Microsoft Visual Studio Solution File, Format Version 12.00
# Visual Studio Version 16
VisualStudioVersion = 16.0.29020.237
MinimumVisualStudioVersion = 10.0.40219.1
Project("{9A19103F-16F7-4668-BE54-9A1E7A4F7556}") = "CarManagementSystem", "CarManagementSystem\CarManagementSystem.csproj", "{AF001992-5784-4254-9481-1F0DDB5FF898}"
EndProject
Project("{FAE04EC0-301F-11D3-BF4B-00C04F79EFBC}") = "XUnitTestProject1", "XUnitTestProject1\XUnitTestProject1.csproj", "{98EF5229-1409-491F-A82D-B00C38C4295B}"
EndProject
Global
	GlobalSection(SolutionConfigurationPlatforms) = preSolution
		Debug|Any CPU = Debug|Any CPU
		Release|Any CPU = Release|Any CPU
	EndGlobalSection
	GlobalSection(ProjectConfigurationPlatforms) = postSolution
		{AF001992-5784-4254-9481-1F0DDB5FF898}.Debug|Any CPU.ActiveCfg = Debug|Any CPU
		{AF001992-5784-4254-9481-1F0DDB5FF898}.Debug|Any CPU.Build.0 = Debug|Any CPU
		{AF001992-5784-4254-9481-1F0DDB5FF898}.Release|Any CPU.ActiveCfg = Release|Any CPU
		{AF001992-5784-4254-9481-1F0DDB5FF898}.Release|Any CPU.Build.0 = Release|Any CPU
		{98EF5229-1409-491F-A82D-B00C38C4295B}.Debug|Any CPU.ActiveCfg = Debug|Any CPU
		{98EF5229-1409-491F-A82D-B00C38C4295B}.Debug|Any CPU.Build.0 = Debug|Any CPU
		{98EF5229-1409-491F-A82D-B00C38C4295B}.Release|Any CPU.ActiveCfg = Release|Any CPU
		{98EF5229-1409-491F-A82D-B00C38C4295B}.Release|Any CPU.Build.0 = Release|Any CPU
	EndGlobalSection
	GlobalSection(SolutionProperties) = preSolution
		HideSolutionNode = FALSE
	EndGlobalSection
	GlobalSection(ExtensibilityGlobals) = postSolution
		SolutionGuid = {6D1D36FB-DFD4-479B-A8A0-1D3DD331BB6C}
	EndGlobalSection
EndGlobal
